{
  "name": "wbysjxcx",
  "version": "1.0.0",
  "lockfileVersion": 2,
  "requires": true,
  "packages": {
    "": {
      "name": "wbysjxcx",
      "version": "1.0.0",
      "license": "ISC",
      "dependencies": {
        "tdesign-miniprogram": "^0.23.0"
      }
    },
    "node_modules/dayjs": {
      "version": "1.11.6",
      "resolved": "https://registry.npmmirror.com/dayjs/-/dayjs-1.11.6.tgz",
      "integrity": "sha512-zZbY5giJAinCG+7AGaw0wIhNZ6J8AhWuSXKvuc1KAyMiRsvGQWqh4L+MomvhdAYjN+lqvVCMq1I41e3YHvXkyQ=="
    },
    "node_modules/tdesign-miniprogram": {
      "version": "0.23.0",
      "resolved": "https://registry.npmmirror.com/tdesign-miniprogram/-/tdesign-miniprogram-0.23.0.tgz",
      "integrity": "sha512-fnd1UieHEhBlfewIR6UWAudddARgjd2DcRp+jbTgzpEAGLb5hEDfYfHlg/lhc7cNFLQ/SYlBgINBATdNp2xzzQ==",
      "dependencies": {
        "dayjs": "^1.10.7"
      }
    }
  },
  "dependencies": {
    "dayjs": {
      "version": "1.11.6",
      "resolved": "https://registry.npmmirror.com/dayjs/-/dayjs-1.11.6.tgz",
      "integrity": "sha512-zZbY5giJAinCG+7AGaw0wIhNZ6J8AhWuSXKvuc1KAyMiRsvGQWqh4L+MomvhdAYjN+lqvVCMq1I41e3YHvXkyQ=="
    },
    "tdesign-miniprogram": {
      "version": "0.23.0",
      "resolved": "https://registry.npmmirror.com/tdesign-miniprogram/-/tdesign-miniprogram-0.23.0.tgz",
      "integrity": "sha512-fnd1UieHEhBlfewIR6UWAudddARgjd2DcRp+jbTgzpEAGLb5hEDfYfHlg/lhc7cNFLQ/SYlBgINBATdNp2xzzQ==",
      "requires": {
        "dayjs": "^1.10.7"
      }
    }
  }
}
